
Microsoft Visual Studio Solution File, Format Version 12.00
# Visual Studio Version 17
VisualStudioVersion = 17.7.34202.233
MinimumVisualStudioVersion = 10.0.40219.1
Project("{FAE04EC0-301F-11D3-BF4B-00C04F79EFBC}") = "Desafio I", "Desafio I.csproj", "{CA80F207-B9AF-43D0-8461-E842B2BBF0CE}"
EndProject
Global
	GlobalSection(SolutionConfigurationPlatforms) = preSolution
		Debug|Any CPU = Debug|Any CPU
		Release|Any CPU = Release|Any CPU
	EndGlobalSection
	GlobalSection(ProjectConfigurationPlatforms) = postSolution
		{CA80F207-B9AF-43D0-8461-E842B2BBF0CE}.Debug|Any CPU.ActiveCfg = Debug|Any CPU
		{CA80F207-B9AF-43D0-8461-E842B2BBF0CE}.Debug|Any CPU.Build.0 = Debug|Any CPU
		{CA80F207-B9AF-43D0-8461-E842B2BBF0CE}.Release|Any CPU.ActiveCfg = Release|Any CPU
		{CA80F207-B9AF-43D0-8461-E842B2BBF0CE}.Release|Any CPU.Build.0 = Release|Any CPU
	EndGlobalSection
	GlobalSection(SolutionProperties) = preSolution
		HideSolutionNode = FALSE
	EndGlobalSection
	GlobalSection(ExtensibilityGlobals) = postSolution
		SolutionGuid = {3E0EE079-6625-42B4-988C-7E5E01512890}
	EndGlobalSection
EndGlobal
